// !$*UTF8*$!
{
	archiveVersion = 1;
	classes = {
	};
	objectVersion = 56;
	objects = {

/* Begin PBXBuildFile section */
		32070D5E2BDF3BC800A87349 /* ReportIndicatorsOverTime.swift in Sources */ = {isa = PBXBuildFile; fileRef = 32070D5D2BDF3BC800A87349 /* ReportIndicatorsOverTime.swift */; };
		32070D7A2BE94CF800A87349 /* ReportValueCardView.swift in Sources */ = {isa = PBXBuildFile; fileRef = 32070D792BE94CF800A87349 /* ReportValueCardView.swift */; };
		32070D7C2BE9579200A87349 /* ReportMatrixView.swift in Sources */ = {isa = PBXBuildFile; fileRef = 32070D7B2BE9579200A87349 /* ReportMatrixView.swift */; };
		32070D7E2BE9D0DF00A87349 /* SessionsView.swift in Sources */ = {isa = PBXBuildFile; fileRef = 32070D7D2BE9D0DF00A87349 /* SessionsView.swift */; };
		3214204B2BD7AC7000CE0F06 /* ReportStudentEngagementView.swift in Sources */ = {isa = PBXBuildFile; fileRef = 3214204A2BD7AC7000CE0F06 /* ReportStudentEngagementView.swift */; };
		3214204D2BD7AE8000CE0F06 /* ReportStudentEngagementGraphView.swift in Sources */ = {isa = PBXBuildFile; fileRef = 3214204C2BD7AE8000CE0F06 /* ReportStudentEngagementGraphView.swift */; };
		32242CFF2B9E5F5C00053C79 /* TechnologyUseReportCartView.swift in Sources */ = {isa = PBXBuildFile; fileRef = 32242CFE2B9E5F5C00053C79 /* TechnologyUseReportCartView.swift */; };
		3227D9192BFA705300BCEFE7 /* PhotoCellView.swift in Sources */ = {isa = PBXBuildFile; fileRef = 3227D9182BFA705300BCEFE7 /* PhotoCellView.swift */; };
		3227D91B2BFA73B700BCEFE7 /* ReportPhotosView.swift in Sources */ = {isa = PBXBuildFile; fileRef = 3227D91A2BFA73B700BCEFE7 /* ReportPhotosView.swift */; };
		3227D9202BFA76F200BCEFE7 /* SwiftUIPDF in Frameworks */ = {isa = PBXBuildFile; productRef = 3227D91F2BFA76F200BCEFE7 /* SwiftUIPDF */; };
		3227D9222BFA77CE00BCEFE7 /* ReportView+Export.swift in Sources */ = {isa = PBXBuildFile; fileRef = 3227D9212BFA77CE00BCEFE7 /* ReportView+Export.swift */; };
		3227D9242BFA7EA700BCEFE7 /* ReportWhatsHappeningExportView.swift in Sources */ = {isa = PBXBuildFile; fileRef = 3227D9232BFA7EA700BCEFE7 /* ReportWhatsHappeningExportView.swift */; };
		3227D9282BFA810E00BCEFE7 /* ReportView+PDFPages.swift in Sources */ = {isa = PBXBuildFile; fileRef = 3227D9272BFA810E00BCEFE7 /* ReportView+PDFPages.swift */; };
		3227D92B2BFA857000BCEFE7 /* ReportExportCommentView.swift in Sources */ = {isa = PBXBuildFile; fileRef = 3227D92A2BFA857000BCEFE7 /* ReportExportCommentView.swift */; };
		32329D562B96A986005A59F8 /* ObservationRowView.swift in Sources */ = {isa = PBXBuildFile; fileRef = 32329D552B96A986005A59F8 /* ObservationRowView.swift */; };
		32329D582B96AE43005A59F8 /* SessionRecordingView.swift in Sources */ = {isa = PBXBuildFile; fileRef = 32329D572B96AE43005A59F8 /* SessionRecordingView.swift */; };
		32329D5A2B96BC47005A59F8 /* SurveyNumericInputView.swift in Sources */ = {isa = PBXBuildFile; fileRef = 32329D592B96BC47005A59F8 /* SurveyNumericInputView.swift */; };
		32329D5C2B96C1DC005A59F8 /* SessionCompletionView.swift in Sources */ = {isa = PBXBuildFile; fileRef = 32329D5B2B96C1DC005A59F8 /* SessionCompletionView.swift */; };
		323DD6892B31EE2600A242E3 /* ReportCardView.swift in Sources */ = {isa = PBXBuildFile; fileRef = 323DD6882B31EE2600A242E3 /* ReportCardView.swift */; };
		323DD68B2B31FE8F00A242E3 /* ReportAggregateList.swift in Sources */ = {isa = PBXBuildFile; fileRef = 323DD68A2B31FE8F00A242E3 /* ReportAggregateList.swift */; };
		324FB2462ABE71B50088A9C6 /* OpenEndedList.swift in Sources */ = {isa = PBXBuildFile; fileRef = 324FB2452ABE71B50088A9C6 /* OpenEndedList.swift */; };
		32556A802C0B14DF00DA2F9E /* ReportExportMatrixView.swift in Sources */ = {isa = PBXBuildFile; fileRef = 32556A7F2C0B14DF00DA2F9E /* ReportExportMatrixView.swift */; };
		32556A822C0B1B0900DA2F9E /* ReportExportQuestionView.swift in Sources */ = {isa = PBXBuildFile; fileRef = 32556A812C0B1B0900DA2F9E /* ReportExportQuestionView.swift */; };
		326074A32B2F7679009355E8 /* OpenEndedListTextField.swift in Sources */ = {isa = PBXBuildFile; fileRef = 326074A22B2F7679009355E8 /* OpenEndedListTextField.swift */; };
		326074A52B31E5AF009355E8 /* SurveyInputQuickCompletionButton.swift in Sources */ = {isa = PBXBuildFile; fileRef = 326074A42B31E5AF009355E8 /* SurveyInputQuickCompletionButton.swift */; };
		3266E1E02BCC5C3200FEC246 /* SessionNotStartedView.swift in Sources */ = {isa = PBXBuildFile; fileRef = 3266E1DF2BCC5C3200FEC246 /* SessionNotStartedView.swift */; };
		3266E1E32BCC601900FEC246 /* SessionNotStartedTimeSelectionView.swift in Sources */ = {isa = PBXBuildFile; fileRef = 3266E1E22BCC601900FEC246 /* SessionNotStartedTimeSelectionView.swift */; };
		3266E1EA2BCC6AF900FEC246 /* StandaloneScaleInputView.swift in Sources */ = {isa = PBXBuildFile; fileRef = 3266E1E92BCC6AF900FEC246 /* StandaloneScaleInputView.swift */; };
		3266E1EC2BCC6CF000FEC246 /* SurveyQuestionView.swift in Sources */ = {isa = PBXBuildFile; fileRef = 3266E1EB2BCC6CF000FEC246 /* SurveyQuestionView.swift */; };
		327DE1242BAA036C001853C7 /* ChecklistOption.swift in Sources */ = {isa = PBXBuildFile; fileRef = 327DE1232BAA036C001853C7 /* ChecklistOption.swift */; };
		3280D5E32AC3063300B67785 /* SessionView.swift in Sources */ = {isa = PBXBuildFile; fileRef = 3280D5E22AC3063300B67785 /* SessionView.swift */; };
		3280D5E52AC3063E00B67785 /* Session.swift in Sources */ = {isa = PBXBuildFile; fileRef = 3280D5E42AC3063E00B67785 /* Session.swift */; };
		3280D5E72AC35CC400B67785 /* ReportView.swift in Sources */ = {isa = PBXBuildFile; fileRef = 3280D5E62AC35CC400B67785 /* ReportView.swift */; };
		3280D6292AC46FCA00B67785 /* ReportWhatsHappeningView.swift in Sources */ = {isa = PBXBuildFile; fileRef = 3280D6282AC46FC900B67785 /* ReportWhatsHappeningView.swift */; };
		3280D62B2AC549FF00B67785 /* NewSessionView.swift in Sources */ = {isa = PBXBuildFile; fileRef = 3280D62A2AC549FF00B67785 /* NewSessionView.swift */; };
		3288A4712BCCF30F00760BDE /* Observation.swift in Sources */ = {isa = PBXBuildFile; fileRef = 3288A4702BCCF30F00760BDE /* Observation.swift */; };
		3288A4732BCCF31D00760BDE /* InputType.swift in Sources */ = {isa = PBXBuildFile; fileRef = 3288A4722BCCF31D00760BDE /* InputType.swift */; };
		3288A4752BCCF34200760BDE /* ObservationRecord.swift in Sources */ = {isa = PBXBuildFile; fileRef = 3288A4742BCCF34200760BDE /* ObservationRecord.swift */; };
		3288A4772BCCF7A900760BDE /* Question+Codable.swift in Sources */ = {isa = PBXBuildFile; fileRef = 3288A4762BCCF7A900760BDE /* Question+Codable.swift */; };
		3288A4792BCCF7B000760BDE /* Question+Implementation.swift in Sources */ = {isa = PBXBuildFile; fileRef = 3288A4782BCCF7B000760BDE /* Question+Implementation.swift */; };
		3288A47C2BCCF9A400760BDE /* SessionRecordingAddPhotoView.swift in Sources */ = {isa = PBXBuildFile; fileRef = 3288A47B2BCCF9A400760BDE /* SessionRecordingAddPhotoView.swift */; };
		3288A47E2BCD003E00760BDE /* ImageCaptionInputView.swift in Sources */ = {isa = PBXBuildFile; fileRef = 3288A47D2BCD003E00760BDE /* ImageCaptionInputView.swift */; };
		329A09212BB1F180000D73C7 /* ReportExportSessionInfoView.swift in Sources */ = {isa = PBXBuildFile; fileRef = 329A09202BB1F180000D73C7 /* ReportExportSessionInfoView.swift */; };
		329A09232BB1F20F000D73C7 /* ReportExportStudentsWorkingWithTechnologyView.swift in Sources */ = {isa = PBXBuildFile; fileRef = 329A09222BB1F20F000D73C7 /* ReportExportStudentsWorkingWithTechnologyView.swift */; };
		329A09252BB1F78F000D73C7 /* ReportExportPage.swift in Sources */ = {isa = PBXBuildFile; fileRef = 329A09242BB1F78F000D73C7 /* ReportExportPage.swift */; };
		329A09292BB1F973000D73C7 /* ReportWhatsHappeningGraphView.swift in Sources */ = {isa = PBXBuildFile; fileRef = 329A09282BB1F973000D73C7 /* ReportWhatsHappeningGraphView.swift */; };
		329A092B2BB21808000D73C7 /* ReportExportStudentConfidenceInTechView.swift in Sources */ = {isa = PBXBuildFile; fileRef = 329A092A2BB21808000D73C7 /* ReportExportStudentConfidenceInTechView.swift */; };
		329A092D2BB219AE000D73C7 /* ReportExportTeacherConfidenceInTechView.swift in Sources */ = {isa = PBXBuildFile; fileRef = 329A092C2BB219AE000D73C7 /* ReportExportTeacherConfidenceInTechView.swift */; };
		329A092F2BB2295A000D73C7 /* ReportExportPage1.swift in Sources */ = {isa = PBXBuildFile; fileRef = 329A092E2BB2295A000D73C7 /* ReportExportPage1.swift */; };
		329A09312BB22979000D73C7 /* ReportExportPage2.swift in Sources */ = {isa = PBXBuildFile; fileRef = 329A09302BB22979000D73C7 /* ReportExportPage2.swift */; };
		329A09332BB229A0000D73C7 /* ReportExportPage3.swift in Sources */ = {isa = PBXBuildFile; fileRef = 329A09322BB229A0000D73C7 /* ReportExportPage3.swift */; };
		329A09352BB229C4000D73C7 /* ReportExportPage4.swift in Sources */ = {isa = PBXBuildFile; fileRef = 329A09342BB229C4000D73C7 /* ReportExportPage4.swift */; };
		329A09372BB229DD000D73C7 /* ReportExportPage5.swift in Sources */ = {isa = PBXBuildFile; fileRef = 329A09362BB229DD000D73C7 /* ReportExportPage5.swift */; };
		329A09392BB22A02000D73C7 /* ReportExportPage6.swift in Sources */ = {isa = PBXBuildFile; fileRef = 329A09382BB22A02000D73C7 /* ReportExportPage6.swift */; };
		329A093B2BB22A18000D73C7 /* ReportExportPage7.swift in Sources */ = {isa = PBXBuildFile; fileRef = 329A093A2BB22A18000D73C7 /* ReportExportPage7.swift */; };
		329CAF6C2B9104590054DAEA /* PotentialTechnology.swift in Sources */ = {isa = PBXBuildFile; fileRef = 329CAF6B2B9104590054DAEA /* PotentialTechnology.swift */; };
		329CAF6E2B910E320054DAEA /* ChecklistPickerView.swift in Sources */ = {isa = PBXBuildFile; fileRef = 329CAF6D2B910E320054DAEA /* ChecklistPickerView.swift */; };
		329CAF702B910FFD0054DAEA /* ScaleInputView.swift in Sources */ = {isa = PBXBuildFile; fileRef = 329CAF6F2B910FFD0054DAEA /* ScaleInputView.swift */; };
		329E50902AE77E2900294617 /* Forever in Frameworks */ = {isa = PBXBuildFile; productRef = 329E508F2AE77E2900294617 /* Forever */; };
		32ADD7232ABD620E009E947A /* ClassroomObservationApp.swift in Sources */ = {isa = PBXBuildFile; fileRef = 32ADD7222ABD620E009E947A /* ClassroomObservationApp.swift */; };
		32ADD7252ABD620E009E947A /* ContentView.swift in Sources */ = {isa = PBXBuildFile; fileRef = 32ADD7242ABD620E009E947A /* ContentView.swift */; };
		32ADD7272ABD620F009E947A /* Assets.xcassets in Resources */ = {isa = PBXBuildFile; fileRef = 32ADD7262ABD620F009E947A /* Assets.xcassets */; };
		32ADD72B2ABD620F009E947A /* Preview Assets.xcassets in Resources */ = {isa = PBXBuildFile; fileRef = 32ADD72A2ABD620F009E947A /* Preview Assets.xcassets */; };
		32ADD7322ABD6640009E947A /* Question.swift in Sources */ = {isa = PBXBuildFile; fileRef = 32ADD7312ABD6640009E947A /* Question.swift */; };
		32ADD7342ABD6A80009E947A /* SurveyInputView.swift in Sources */ = {isa = PBXBuildFile; fileRef = 32ADD7332ABD6A80009E947A /* SurveyInputView.swift */; };
		32E4CF342B9545C5006F4C8D /* ObservationRecordPreviewView.swift in Sources */ = {isa = PBXBuildFile; fileRef = 32E4CF332B9545C5006F4C8D /* ObservationRecordPreviewView.swift */; };
		32E4CF362B954A96006F4C8D /* ListOfOptionsDictionarySurveyInput.swift in Sources */ = {isa = PBXBuildFile; fileRef = 32E4CF352B954A96006F4C8D /* ListOfOptionsDictionarySurveyInput.swift */; };
		32E4CF382B9551E2006F4C8D /* TextSurveyInputView.swift in Sources */ = {isa = PBXBuildFile; fileRef = 32E4CF372B9551E2006F4C8D /* TextSurveyInputView.swift */; };
		32EB43D72BF28FAF006371A1 /* OnboardingView.swift in Sources */ = {isa = PBXBuildFile; fileRef = 32EB43D62BF28FAF006371A1 /* OnboardingView.swift */; };
		32EB43D92BF29312006371A1 /* OnboardingDynamicView.swift in Sources */ = {isa = PBXBuildFile; fileRef = 32EB43D82BF29312006371A1 /* OnboardingDynamicView.swift */; };
		32EB43DB2BF2A235006371A1 /* LocalFileImageLoader.swift in Sources */ = {isa = PBXBuildFile; fileRef = 32EB43DA2BF2A235006371A1 /* LocalFileImageLoader.swift */; };
/* End PBXBuildFile section */

/* Begin PBXCopyFilesBuildPhase section */
		3288A4992BCE3B7E00760BDE /* Embed Foundation Extensions */ = {
			isa = PBXCopyFilesBuildPhase;
			buildActionMask = 2147483647;
			dstPath = "";
			dstSubfolderSpec = 13;
			files = (
			);
			name = "Embed Foundation Extensions";
			runOnlyForDeploymentPostprocessing = 0;
		};
/* End PBXCopyFilesBuildPhase section */

/* Begin PBXFileReference section */
		32070D5D2BDF3BC800A87349 /* ReportIndicatorsOverTime.swift */ = {isa = PBXFileReference; lastKnownFileType = sourcecode.swift; path = ReportIndicatorsOverTime.swift; sourceTree = "<group>"; };
		32070D792BE94CF800A87349 /* ReportValueCardView.swift */ = {isa = PBXFileReference; lastKnownFileType = sourcecode.swift; path = ReportValueCardView.swift; sourceTree = "<group>"; };
		32070D7B2BE9579200A87349 /* ReportMatrixView.swift */ = {isa = PBXFileReference; lastKnownFileType = sourcecode.swift; path = ReportMatrixView.swift; sourceTree = "<group>"; };
		32070D7D2BE9D0DF00A87349 /* SessionsView.swift */ = {isa = PBXFileReference; lastKnownFileType = sourcecode.swift; path = SessionsView.swift; sourceTree = "<group>"; };
		3214204A2BD7AC7000CE0F06 /* ReportStudentEngagementView.swift */ = {isa = PBXFileReference; lastKnownFileType = sourcecode.swift; path = ReportStudentEngagementView.swift; sourceTree = "<group>"; };
		3214204C2BD7AE8000CE0F06 /* ReportStudentEngagementGraphView.swift */ = {isa = PBXFileReference; lastKnownFileType = sourcecode.swift; path = ReportStudentEngagementGraphView.swift; sourceTree = "<group>"; };
		32242CFE2B9E5F5C00053C79 /* TechnologyUseReportCartView.swift */ = {isa = PBXFileReference; lastKnownFileType = sourcecode.swift; path = TechnologyUseReportCartView.swift; sourceTree = "<group>"; };
		3227D9182BFA705300BCEFE7 /* PhotoCellView.swift */ = {isa = PBXFileReference; lastKnownFileType = sourcecode.swift; path = PhotoCellView.swift; sourceTree = "<group>"; };
		3227D91A2BFA73B700BCEFE7 /* ReportPhotosView.swift */ = {isa = PBXFileReference; lastKnownFileType = sourcecode.swift; path = ReportPhotosView.swift; sourceTree = "<group>"; };
		3227D9212BFA77CE00BCEFE7 /* ReportView+Export.swift */ = {isa = PBXFileReference; lastKnownFileType = sourcecode.swift; path = "ReportView+Export.swift"; sourceTree = "<group>"; };
		3227D9232BFA7EA700BCEFE7 /* ReportWhatsHappeningExportView.swift */ = {isa = PBXFileReference; lastKnownFileType = sourcecode.swift; path = ReportWhatsHappeningExportView.swift; sourceTree = "<group>"; };
		3227D9272BFA810E00BCEFE7 /* ReportView+PDFPages.swift */ = {isa = PBXFileReference; lastKnownFileType = sourcecode.swift; path = "ReportView+PDFPages.swift"; sourceTree = "<group>"; };
		3227D92A2BFA857000BCEFE7 /* ReportExportCommentView.swift */ = {isa = PBXFileReference; lastKnownFileType = sourcecode.swift; path = ReportExportCommentView.swift; sourceTree = "<group>"; };
		32329D552B96A986005A59F8 /* ObservationRowView.swift */ = {isa = PBXFileReference; lastKnownFileType = sourcecode.swift; path = ObservationRowView.swift; sourceTree = "<group>"; };
		32329D572B96AE43005A59F8 /* SessionRecordingView.swift */ = {isa = PBXFileReference; lastKnownFileType = sourcecode.swift; path = SessionRecordingView.swift; sourceTree = "<group>"; };
		32329D592B96BC47005A59F8 /* SurveyNumericInputView.swift */ = {isa = PBXFileReference; lastKnownFileType = sourcecode.swift; path = SurveyNumericInputView.swift; sourceTree = "<group>"; };
		32329D5B2B96C1DC005A59F8 /* SessionCompletionView.swift */ = {isa = PBXFileReference; lastKnownFileType = sourcecode.swift; path = SessionCompletionView.swift; sourceTree = "<group>"; };
		323DD6882B31EE2600A242E3 /* ReportCardView.swift */ = {isa = PBXFileReference; lastKnownFileType = sourcecode.swift; path = ReportCardView.swift; sourceTree = "<group>"; };
		323DD68A2B31FE8F00A242E3 /* ReportAggregateList.swift */ = {isa = PBXFileReference; lastKnownFileType = sourcecode.swift; path = ReportAggregateList.swift; sourceTree = "<group>"; };
		324FB2452ABE71B50088A9C6 /* OpenEndedList.swift */ = {isa = PBXFileReference; lastKnownFileType = sourcecode.swift; path = OpenEndedList.swift; sourceTree = "<group>"; };
		32556A7F2C0B14DF00DA2F9E /* ReportExportMatrixView.swift */ = {isa = PBXFileReference; lastKnownFileType = sourcecode.swift; path = ReportExportMatrixView.swift; sourceTree = "<group>"; };
		32556A812C0B1B0900DA2F9E /* ReportExportQuestionView.swift */ = {isa = PBXFileReference; lastKnownFileType = sourcecode.swift; path = ReportExportQuestionView.swift; sourceTree = "<group>"; };
		326074A22B2F7679009355E8 /* OpenEndedListTextField.swift */ = {isa = PBXFileReference; lastKnownFileType = sourcecode.swift; path = OpenEndedListTextField.swift; sourceTree = "<group>"; };
		326074A42B31E5AF009355E8 /* SurveyInputQuickCompletionButton.swift */ = {isa = PBXFileReference; lastKnownFileType = sourcecode.swift; path = SurveyInputQuickCompletionButton.swift; sourceTree = "<group>"; };
		3266E1DF2BCC5C3200FEC246 /* SessionNotStartedView.swift */ = {isa = PBXFileReference; lastKnownFileType = sourcecode.swift; path = SessionNotStartedView.swift; sourceTree = "<group>"; };
		3266E1E22BCC601900FEC246 /* SessionNotStartedTimeSelectionView.swift */ = {isa = PBXFileReference; lastKnownFileType = sourcecode.swift; path = SessionNotStartedTimeSelectionView.swift; sourceTree = "<group>"; };
		3266E1E92BCC6AF900FEC246 /* StandaloneScaleInputView.swift */ = {isa = PBXFileReference; lastKnownFileType = sourcecode.swift; path = StandaloneScaleInputView.swift; sourceTree = "<group>"; };
		3266E1EB2BCC6CF000FEC246 /* SurveyQuestionView.swift */ = {isa = PBXFileReference; lastKnownFileType = sourcecode.swift; path = SurveyQuestionView.swift; sourceTree = "<group>"; };
		327DE1232BAA036C001853C7 /* ChecklistOption.swift */ = {isa = PBXFileReference; lastKnownFileType = sourcecode.swift; path = ChecklistOption.swift; sourceTree = "<group>"; };
		3280D5E22AC3063300B67785 /* SessionView.swift */ = {isa = PBXFileReference; lastKnownFileType = sourcecode.swift; path = SessionView.swift; sourceTree = "<group>"; };
		3280D5E42AC3063E00B67785 /* Session.swift */ = {isa = PBXFileReference; lastKnownFileType = sourcecode.swift; path = Session.swift; sourceTree = "<group>"; };
		3280D5E62AC35CC400B67785 /* ReportView.swift */ = {isa = PBXFileReference; lastKnownFileType = sourcecode.swift; path = ReportView.swift; sourceTree = "<group>"; };
		3280D6282AC46FC900B67785 /* ReportWhatsHappeningView.swift */ = {isa = PBXFileReference; lastKnownFileType = sourcecode.swift; path = ReportWhatsHappeningView.swift; sourceTree = "<group>"; };
		3280D62A2AC549FF00B67785 /* NewSessionView.swift */ = {isa = PBXFileReference; lastKnownFileType = sourcecode.swift; path = NewSessionView.swift; sourceTree = "<group>"; };
		3288A4702BCCF30F00760BDE /* Observation.swift */ = {isa = PBXFileReference; lastKnownFileType = sourcecode.swift; path = Observation.swift; sourceTree = "<group>"; };
		3288A4722BCCF31D00760BDE /* InputType.swift */ = {isa = PBXFileReference; lastKnownFileType = sourcecode.swift; path = InputType.swift; sourceTree = "<group>"; };
		3288A4742BCCF34200760BDE /* ObservationRecord.swift */ = {isa = PBXFileReference; lastKnownFileType = sourcecode.swift; path = ObservationRecord.swift; sourceTree = "<group>"; };
		3288A4762BCCF7A900760BDE /* Question+Codable.swift */ = {isa = PBXFileReference; lastKnownFileType = sourcecode.swift; path = "Question+Codable.swift"; sourceTree = "<group>"; };
		3288A4782BCCF7B000760BDE /* Question+Implementation.swift */ = {isa = PBXFileReference; lastKnownFileType = sourcecode.swift; path = "Question+Implementation.swift"; sourceTree = "<group>"; };
		3288A47B2BCCF9A400760BDE /* SessionRecordingAddPhotoView.swift */ = {isa = PBXFileReference; lastKnownFileType = sourcecode.swift; path = SessionRecordingAddPhotoView.swift; sourceTree = "<group>"; };
		3288A47D2BCD003E00760BDE /* ImageCaptionInputView.swift */ = {isa = PBXFileReference; lastKnownFileType = sourcecode.swift; path = ImageCaptionInputView.swift; sourceTree = "<group>"; };
		3288A4852BCE3B7C00760BDE /* WidgetKit.framework */ = {isa = PBXFileReference; lastKnownFileType = wrapper.framework; name = WidgetKit.framework; path = System/Library/Frameworks/WidgetKit.framework; sourceTree = SDKROOT; };
		3288A4872BCE3B7C00760BDE /* SwiftUI.framework */ = {isa = PBXFileReference; lastKnownFileType = wrapper.framework; name = SwiftUI.framework; path = System/Library/Frameworks/SwiftUI.framework; sourceTree = SDKROOT; };
		3288A48A2BCE3B7C00760BDE /* LiveActivityBundle.swift */ = {isa = PBXFileReference; lastKnownFileType = sourcecode.swift; path = LiveActivityBundle.swift; sourceTree = "<group>"; };
		3288A48C2BCE3B7C00760BDE /* LiveActivityLiveActivity.swift */ = {isa = PBXFileReference; lastKnownFileType = sourcecode.swift; path = LiveActivityLiveActivity.swift; sourceTree = "<group>"; };
		3288A4902BCE3B7E00760BDE /* Assets.xcassets */ = {isa = PBXFileReference; lastKnownFileType = folder.assetcatalog; path = Assets.xcassets; sourceTree = "<group>"; };
		3288A4922BCE3B7E00760BDE /* Info.plist */ = {isa = PBXFileReference; lastKnownFileType = text.plist.xml; path = Info.plist; sourceTree = "<group>"; };
		329A09202BB1F180000D73C7 /* ReportExportSessionInfoView.swift */ = {isa = PBXFileReference; lastKnownFileType = sourcecode.swift; path = ReportExportSessionInfoView.swift; sourceTree = "<group>"; };
		329A09222BB1F20F000D73C7 /* ReportExportStudentsWorkingWithTechnologyView.swift */ = {isa = PBXFileReference; lastKnownFileType = sourcecode.swift; path = ReportExportStudentsWorkingWithTechnologyView.swift; sourceTree = "<group>"; };
		329A09242BB1F78F000D73C7 /* ReportExportPage.swift */ = {isa = PBXFileReference; lastKnownFileType = sourcecode.swift; path = ReportExportPage.swift; sourceTree = "<group>"; };
		329A09282BB1F973000D73C7 /* ReportWhatsHappeningGraphView.swift */ = {isa = PBXFileReference; lastKnownFileType = sourcecode.swift; path = ReportWhatsHappeningGraphView.swift; sourceTree = "<group>"; };
		329A092A2BB21808000D73C7 /* ReportExportStudentConfidenceInTechView.swift */ = {isa = PBXFileReference; lastKnownFileType = sourcecode.swift; path = ReportExportStudentConfidenceInTechView.swift; sourceTree = "<group>"; };
		329A092C2BB219AE000D73C7 /* ReportExportTeacherConfidenceInTechView.swift */ = {isa = PBXFileReference; lastKnownFileType = sourcecode.swift; path = ReportExportTeacherConfidenceInTechView.swift; sourceTree = "<group>"; };
		329A092E2BB2295A000D73C7 /* ReportExportPage1.swift */ = {isa = PBXFileReference; lastKnownFileType = sourcecode.swift; path = ReportExportPage1.swift; sourceTree = "<group>"; };
		329A09302BB22979000D73C7 /* ReportExportPage2.swift */ = {isa = PBXFileReference; lastKnownFileType = sourcecode.swift; path = ReportExportPage2.swift; sourceTree = "<group>"; };
		329A09322BB229A0000D73C7 /* ReportExportPage3.swift */ = {isa = PBXFileReference; lastKnownFileType = sourcecode.swift; path = ReportExportPage3.swift; sourceTree = "<group>"; };
		329A09342BB229C4000D73C7 /* ReportExportPage4.swift */ = {isa = PBXFileReference; lastKnownFileType = sourcecode.swift; path = ReportExportPage4.swift; sourceTree = "<group>"; };
		329A09362BB229DD000D73C7 /* ReportExportPage5.swift */ = {isa = PBXFileReference; lastKnownFileType = sourcecode.swift; path = ReportExportPage5.swift; sourceTree = "<group>"; };
		329A09382BB22A02000D73C7 /* ReportExportPage6.swift */ = {isa = PBXFileReference; lastKnownFileType = sourcecode.swift; path = ReportExportPage6.swift; sourceTree = "<group>"; };
		329A093A2BB22A18000D73C7 /* ReportExportPage7.swift */ = {isa = PBXFileReference; lastKnownFileType = sourcecode.swift; path = ReportExportPage7.swift; sourceTree = "<group>"; };
		329CAF6B2B9104590054DAEA /* PotentialTechnology.swift */ = {isa = PBXFileReference; lastKnownFileType = sourcecode.swift; path = PotentialTechnology.swift; sourceTree = "<group>"; };
		329CAF6D2B910E320054DAEA /* ChecklistPickerView.swift */ = {isa = PBXFileReference; lastKnownFileType = sourcecode.swift; path = ChecklistPickerView.swift; sourceTree = "<group>"; };
		329CAF6F2B910FFD0054DAEA /* ScaleInputView.swift */ = {isa = PBXFileReference; lastKnownFileType = sourcecode.swift; path = ScaleInputView.swift; sourceTree = "<group>"; };
		32ADD71F2ABD620E009E947A /* ClassroomObservation.app */ = {isa = PBXFileReference; explicitFileType = wrapper.application; includeInIndex = 0; path = ClassroomObservation.app; sourceTree = BUILT_PRODUCTS_DIR; };
		32ADD7222ABD620E009E947A /* ClassroomObservationApp.swift */ = {isa = PBXFileReference; lastKnownFileType = sourcecode.swift; path = ClassroomObservationApp.swift; sourceTree = "<group>"; };
		32ADD7242ABD620E009E947A /* ContentView.swift */ = {isa = PBXFileReference; lastKnownFileType = sourcecode.swift; path = ContentView.swift; sourceTree = "<group>"; };
		32ADD7262ABD620F009E947A /* Assets.xcassets */ = {isa = PBXFileReference; lastKnownFileType = folder.assetcatalog; path = Assets.xcassets; sourceTree = "<group>"; };
		32ADD7282ABD620F009E947A /* ClassroomObservation.entitlements */ = {isa = PBXFileReference; lastKnownFileType = text.plist.entitlements; path = ClassroomObservation.entitlements; sourceTree = "<group>"; };
		32ADD72A2ABD620F009E947A /* Preview Assets.xcassets */ = {isa = PBXFileReference; lastKnownFileType = folder.assetcatalog; path = "Preview Assets.xcassets"; sourceTree = "<group>"; };
		32ADD7312ABD6640009E947A /* Question.swift */ = {isa = PBXFileReference; lastKnownFileType = sourcecode.swift; path = Question.swift; sourceTree = "<group>"; };
		32ADD7332ABD6A80009E947A /* SurveyInputView.swift */ = {isa = PBXFileReference; lastKnownFileType = sourcecode.swift; path = SurveyInputView.swift; sourceTree = "<group>"; };
		32E4CF332B9545C5006F4C8D /* ObservationRecordPreviewView.swift */ = {isa = PBXFileReference; lastKnownFileType = sourcecode.swift; path = ObservationRecordPreviewView.swift; sourceTree = "<group>"; };
		32E4CF352B954A96006F4C8D /* ListOfOptionsDictionarySurveyInput.swift */ = {isa = PBXFileReference; lastKnownFileType = sourcecode.swift; path = ListOfOptionsDictionarySurveyInput.swift; sourceTree = "<group>"; };
		32E4CF372B9551E2006F4C8D /* TextSurveyInputView.swift */ = {isa = PBXFileReference; lastKnownFileType = sourcecode.swift; path = TextSurveyInputView.swift; sourceTree = "<group>"; };
		32EB43D62BF28FAF006371A1 /* OnboardingView.swift */ = {isa = PBXFileReference; lastKnownFileType = sourcecode.swift; path = OnboardingView.swift; sourceTree = "<group>"; };
		32EB43D82BF29312006371A1 /* OnboardingDynamicView.swift */ = {isa = PBXFileReference; lastKnownFileType = sourcecode.swift; path = OnboardingDynamicView.swift; sourceTree = "<group>"; };
		32EB43DA2BF2A235006371A1 /* LocalFileImageLoader.swift */ = {isa = PBXFileReference; lastKnownFileType = sourcecode.swift; path = LocalFileImageLoader.swift; sourceTree = "<group>"; };
/* End PBXFileReference section */

/* Begin PBXFrameworksBuildPhase section */
		32ADD71C2ABD620E009E947A /* Frameworks */ = {
			isa = PBXFrameworksBuildPhase;
			buildActionMask = 2147483647;
			files = (
				329E50902AE77E2900294617 /* Forever in Frameworks */,
				3227D9202BFA76F200BCEFE7 /* SwiftUIPDF in Frameworks */,
			);
			runOnlyForDeploymentPostprocessing = 0;
		};
/* End PBXFrameworksBuildPhase section */

/* Begin PBXGroup section */
		3227D9292BFA81B500BCEFE7 /* Report Export */ = {
			isa = PBXGroup;
			children = (
				3227D9212BFA77CE00BCEFE7 /* ReportView+Export.swift */,
				3227D9272BFA810E00BCEFE7 /* ReportView+PDFPages.swift */,
				32556A7F2C0B14DF00DA2F9E /* ReportExportMatrixView.swift */,
				329A09222BB1F20F000D73C7 /* ReportExportStudentsWorkingWithTechnologyView.swift */,
				3227D9232BFA7EA700BCEFE7 /* ReportWhatsHappeningExportView.swift */,
				3227D92A2BFA857000BCEFE7 /* ReportExportCommentView.swift */,
				32556A812C0B1B0900DA2F9E /* ReportExportQuestionView.swift */,
			);
			path = "Report Export";
			sourceTree = "<group>";
		};
		3266E1E12BCC5FFF00FEC246 /* Session Set Up */ = {
			isa = PBXGroup;
			children = (
				3266E1DF2BCC5C3200FEC246 /* SessionNotStartedView.swift */,
				3266E1E22BCC601900FEC246 /* SessionNotStartedTimeSelectionView.swift */,
			);
			path = "Session Set Up";
			sourceTree = "<group>";
		};
		3266E1E42BCC616100FEC246 /* Numeric Input */ = {
			isa = PBXGroup;
			children = (
				32329D592B96BC47005A59F8 /* SurveyNumericInputView.swift */,
				326074A42B31E5AF009355E8 /* SurveyInputQuickCompletionButton.swift */,
			);
			path = "Numeric Input";
			sourceTree = "<group>";
		};
		3266E1E52BCC634600FEC246 /* Scale */ = {
			isa = PBXGroup;
			children = (
				329CAF6F2B910FFD0054DAEA /* ScaleInputView.swift */,
				3266E1E92BCC6AF900FEC246 /* StandaloneScaleInputView.swift */,
			);
			path = Scale;
			sourceTree = "<group>";
		};
		3266E1E62BCC635300FEC246 /* Report */ = {
			isa = PBXGroup;
			children = (
				32329D5B2B96C1DC005A59F8 /* SessionCompletionView.swift */,
				3227D9292BFA81B500BCEFE7 /* Report Export */,
				329A091D2BB1AA55000D73C7 /* Report Export View Legacy */,
				327DE1252BAA03A2001853C7 /* Report */,
			);
			path = Report;
			sourceTree = "<group>";
		};
		3266E1E72BCC636E00FEC246 /* Session Recording */ = {
			isa = PBXGroup;
			children = (
				32329D572B96AE43005A59F8 /* SessionRecordingView.swift */,
				3288A47B2BCCF9A400760BDE /* SessionRecordingAddPhotoView.swift */,
				3227D9182BFA705300BCEFE7 /* PhotoCellView.swift */,
				32EB43DA2BF2A235006371A1 /* LocalFileImageLoader.swift */,
				3288A47D2BCD003E00760BDE /* ImageCaptionInputView.swift */,
				32329D552B96A986005A59F8 /* ObservationRowView.swift */,
				32E4CF332B9545C5006F4C8D /* ObservationRecordPreviewView.swift */,
				327DE1202BAA033A001853C7 /* Survey Input */,
			);
			path = "Session Recording";
			sourceTree = "<group>";
		};
		3266E1E82BCC63B800FEC246 /* Views */ = {
			isa = PBXGroup;
			children = (
				3280D62A2AC549FF00B67785 /* NewSessionView.swift */,
				3280D5E22AC3063300B67785 /* SessionView.swift */,
				3266E1E12BCC5FFF00FEC246 /* Session Set Up */,
				3266E1E72BCC636E00FEC246 /* Session Recording */,
				3266E1E62BCC635300FEC246 /* Report */,
			);
			path = Views;
			sourceTree = "<group>";
		};
		327DE1202BAA033A001853C7 /* Survey Input */ = {
			isa = PBXGroup;
			children = (
				32ADD7332ABD6A80009E947A /* SurveyInputView.swift */,
				3266E1EB2BCC6CF000FEC246 /* SurveyQuestionView.swift */,
				3266E1E42BCC616100FEC246 /* Numeric Input */,
				32E4CF372B9551E2006F4C8D /* TextSurveyInputView.swift */,
				329CAF6D2B910E320054DAEA /* ChecklistPickerView.swift */,
				32E4CF352B954A96006F4C8D /* ListOfOptionsDictionarySurveyInput.swift */,
				3266E1E52BCC634600FEC246 /* Scale */,
				327DE1222BAA0352001853C7 /* Open Ended List */,
			);
			path = "Survey Input";
			sourceTree = "<group>";
		};
		327DE1212BAA0345001853C7 /* Models */ = {
			isa = PBXGroup;
			children = (
				3280D5E42AC3063E00B67785 /* Session.swift */,
				3288A4742BCCF34200760BDE /* ObservationRecord.swift */,
				3288A4702BCCF30F00760BDE /* Observation.swift */,
				3288A47A2BCCF7BF00760BDE /* Question */,
				3288A4722BCCF31D00760BDE /* InputType.swift */,
				329CAF6B2B9104590054DAEA /* PotentialTechnology.swift */,
				327DE1232BAA036C001853C7 /* ChecklistOption.swift */,
			);
			path = Models;
			sourceTree = "<group>";
		};
		327DE1222BAA0352001853C7 /* Open Ended List */ = {
			isa = PBXGroup;
			children = (
				324FB2452ABE71B50088A9C6 /* OpenEndedList.swift */,
				326074A22B2F7679009355E8 /* OpenEndedListTextField.swift */,
			);
			path = "Open Ended List";
			sourceTree = "<group>";
		};
		327DE1252BAA03A2001853C7 /* Report */ = {
			isa = PBXGroup;
			children = (
				3280D5E62AC35CC400B67785 /* ReportView.swift */,
				32070D792BE94CF800A87349 /* ReportValueCardView.swift */,
				323DD68A2B31FE8F00A242E3 /* ReportAggregateList.swift */,
				323DD6882B31EE2600A242E3 /* ReportCardView.swift */,
				32070D5D2BDF3BC800A87349 /* ReportIndicatorsOverTime.swift */,
				32242CFE2B9E5F5C00053C79 /* TechnologyUseReportCartView.swift */,
				32070D7B2BE9579200A87349 /* ReportMatrixView.swift */,
				3280D6282AC46FC900B67785 /* ReportWhatsHappeningView.swift */,
				3214204A2BD7AC7000CE0F06 /* ReportStudentEngagementView.swift */,
				329A09282BB1F973000D73C7 /* ReportWhatsHappeningGraphView.swift */,
				3214204C2BD7AE8000CE0F06 /* ReportStudentEngagementGraphView.swift */,
				3227D91A2BFA73B700BCEFE7 /* ReportPhotosView.swift */,
			);
			path = Report;
			sourceTree = "<group>";
		};
		3288A47A2BCCF7BF00760BDE /* Question */ = {
			isa = PBXGroup;
			children = (
				32ADD7312ABD6640009E947A /* Question.swift */,
				3288A4762BCCF7A900760BDE /* Question+Codable.swift */,
				3288A4782BCCF7B000760BDE /* Question+Implementation.swift */,
			);
			path = Question;
			sourceTree = "<group>";
		};
		3288A4842BCE3B7C00760BDE /* Frameworks */ = {
			isa = PBXGroup;
			children = (
				3288A4852BCE3B7C00760BDE /* WidgetKit.framework */,
				3288A4872BCE3B7C00760BDE /* SwiftUI.framework */,
			);
			name = Frameworks;
			sourceTree = "<group>";
		};
		3288A4892BCE3B7C00760BDE /* LiveActivity */ = {
			isa = PBXGroup;
			children = (
				3288A48A2BCE3B7C00760BDE /* LiveActivityBundle.swift */,
				3288A48C2BCE3B7C00760BDE /* LiveActivityLiveActivity.swift */,
				3288A4902BCE3B7E00760BDE /* Assets.xcassets */,
				3288A4922BCE3B7E00760BDE /* Info.plist */,
			);
			path = LiveActivity;
			sourceTree = "<group>";
		};
		329A091D2BB1AA55000D73C7 /* Report Export View Legacy */ = {
			isa = PBXGroup;
			children = (
				329A093A2BB22A18000D73C7 /* ReportExportPage7.swift */,
				329A09382BB22A02000D73C7 /* ReportExportPage6.swift */,
				329A09362BB229DD000D73C7 /* ReportExportPage5.swift */,
				329A09342BB229C4000D73C7 /* ReportExportPage4.swift */,
				329A09322BB229A0000D73C7 /* ReportExportPage3.swift */,
				329A09302BB22979000D73C7 /* ReportExportPage2.swift */,
				329A092E2BB2295A000D73C7 /* ReportExportPage1.swift */,
				329A092A2BB21808000D73C7 /* ReportExportStudentConfidenceInTechView.swift */,
				329A092C2BB219AE000D73C7 /* ReportExportTeacherConfidenceInTechView.swift */,
				329A09242BB1F78F000D73C7 /* ReportExportPage.swift */,
				329A09202BB1F180000D73C7 /* ReportExportSessionInfoView.swift */,
			);
			path = "Report Export View Legacy";
			sourceTree = "<group>";
		};
		32ADD7162ABD620E009E947A = {
			isa = PBXGroup;
			children = (
				32ADD7212ABD620E009E947A /* ClassroomObservation */,
				3288A4892BCE3B7C00760BDE /* LiveActivity */,
				3288A4842BCE3B7C00760BDE /* Frameworks */,
				32ADD7202ABD620E009E947A /* Products */,
			);
			sourceTree = "<group>";
		};
		32ADD7202ABD620E009E947A /* Products */ = {
			isa = PBXGroup;
			children = (
				32ADD71F2ABD620E009E947A /* ClassroomObservation.app */,
			);
			name = Products;
			sourceTree = "<group>";
		};
		32ADD7212ABD620E009E947A /* ClassroomObservation */ = {
			isa = PBXGroup;
			children = (
				32ADD7222ABD620E009E947A /* ClassroomObservationApp.swift */,
				32ADD7242ABD620E009E947A /* ContentView.swift */,
				32EB43D62BF28FAF006371A1 /* OnboardingView.swift */,
				32EB43D82BF29312006371A1 /* OnboardingDynamicView.swift */,
				32070D7D2BE9D0DF00A87349 /* SessionsView.swift */,
				327DE1212BAA0345001853C7 /* Models */,
				3266E1E82BCC63B800FEC246 /* Views */,
				32ADD7262ABD620F009E947A /* Assets.xcassets */,
				32ADD7282ABD620F009E947A /* ClassroomObservation.entitlements */,
				32ADD7292ABD620F009E947A /* Preview Content */,
			);
			path = ClassroomObservation;
			sourceTree = "<group>";
		};
		32ADD7292ABD620F009E947A /* Preview Content */ = {
			isa = PBXGroup;
			children = (
				32ADD72A2ABD620F009E947A /* Preview Assets.xcassets */,
			);
			path = "Preview Content";
			sourceTree = "<group>";
		};
/* End PBXGroup section */

/* Begin PBXNativeTarget section */
		32ADD71E2ABD620E009E947A /* ClassroomObservation */ = {
			isa = PBXNativeTarget;
			buildConfigurationList = 32ADD72E2ABD620F009E947A /* Build configuration list for PBXNativeTarget "ClassroomObservation" */;
			buildPhases = (
				32ADD71B2ABD620E009E947A /* Sources */,
				32ADD71C2ABD620E009E947A /* Frameworks */,
				32ADD71D2ABD620E009E947A /* Resources */,
				3288A4992BCE3B7E00760BDE /* Embed Foundation Extensions */,
			);
			buildRules = (
			);
			dependencies = (
			);
			name = ClassroomObservation;
			packageProductDependencies = (
				329E508F2AE77E2900294617 /* Forever */,
				3227D91F2BFA76F200BCEFE7 /* SwiftUIPDF */,
			);
			productName = ClassroomObservation;
			productReference = 32ADD71F2ABD620E009E947A /* ClassroomObservation.app */;
			productType = "com.apple.product-type.application";
		};
/* End PBXNativeTarget section */

/* Begin PBXProject section */
		32ADD7172ABD620E009E947A /* Project object */ = {
			isa = PBXProject;
			attributes = {
				BuildIndependentTargetsInParallel = 1;
				LastSwiftUpdateCheck = 1530;
				LastUpgradeCheck = 1500;
				TargetAttributes = {
					32ADD71E2ABD620E009E947A = {
						CreatedOnToolsVersion = 15.0;
					};
				};
			};
			buildConfigurationList = 32ADD71A2ABD620E009E947A /* Build configuration list for PBXProject "ClassroomObservation" */;
			compatibilityVersion = "Xcode 14.0";
			developmentRegion = en;
			hasScannedForEncodings = 0;
			knownRegions = (
				en,
				Base,
			);
			mainGroup = 32ADD7162ABD620E009E947A;
			packageReferences = (
				329E508E2AE77E2900294617 /* XCRemoteSwiftPackageReference "forever" */,
				3227D91C2BFA769000BCEFE7 /* XCRemoteSwiftPackageReference "SwiftUIPDF" */,
			);
			productRefGroup = 32ADD7202ABD620E009E947A /* Products */;
			projectDirPath = "";
			projectRoot = "";
			targets = (
				32ADD71E2ABD620E009E947A /* ClassroomObservation */,
			);
		};
/* End PBXProject section */

/* Begin PBXResourcesBuildPhase section */
		32ADD71D2ABD620E009E947A /* Resources */ = {
			isa = PBXResourcesBuildPhase;
			buildActionMask = 2147483647;
			files = (
				32ADD72B2ABD620F009E947A /* Preview Assets.xcassets in Resources */,
				32ADD7272ABD620F009E947A /* Assets.xcassets in Resources */,
			);
			runOnlyForDeploymentPostprocessing = 0;
		};
/* End PBXResourcesBuildPhase section */

/* Begin PBXSourcesBuildPhase section */
		32ADD71B2ABD620E009E947A /* Sources */ = {
			isa = PBXSourcesBuildPhase;
			buildActionMask = 2147483647;
			files = (
				3288A4732BCCF31D00760BDE /* InputType.swift in Sources */,
				329A092B2BB21808000D73C7 /* ReportExportStudentConfidenceInTechView.swift in Sources */,
				329CAF702B910FFD0054DAEA /* ScaleInputView.swift in Sources */,
				32ADD7322ABD6640009E947A /* Question.swift in Sources */,
				329A09312BB22979000D73C7 /* ReportExportPage2.swift in Sources */,
				3288A4712BCCF30F00760BDE /* Observation.swift in Sources */,
				32242CFF2B9E5F5C00053C79 /* TechnologyUseReportCartView.swift in Sources */,
				3227D9222BFA77CE00BCEFE7 /* ReportView+Export.swift in Sources */,
				3288A4792BCCF7B000760BDE /* Question+Implementation.swift in Sources */,
				3227D9242BFA7EA700BCEFE7 /* ReportWhatsHappeningExportView.swift in Sources */,
				329A093B2BB22A18000D73C7 /* ReportExportPage7.swift in Sources */,
				3280D5E32AC3063300B67785 /* SessionView.swift in Sources */,
				329A092D2BB219AE000D73C7 /* ReportExportTeacherConfidenceInTechView.swift in Sources */,
				329A09332BB229A0000D73C7 /* ReportExportPage3.swift in Sources */,
				32070D7C2BE9579200A87349 /* ReportMatrixView.swift in Sources */,
				326074A52B31E5AF009355E8 /* SurveyInputQuickCompletionButton.swift in Sources */,
				3280D5E72AC35CC400B67785 /* ReportView.swift in Sources */,
				329A09392BB22A02000D73C7 /* ReportExportPage6.swift in Sources */,
				3214204D2BD7AE8000CE0F06 /* ReportStudentEngagementGraphView.swift in Sources */,
				323DD6892B31EE2600A242E3 /* ReportCardView.swift in Sources */,
				32ADD7342ABD6A80009E947A /* SurveyInputView.swift in Sources */,
				32329D5C2B96C1DC005A59F8 /* SessionCompletionView.swift in Sources */,
				3280D5E52AC3063E00B67785 /* Session.swift in Sources */,
				329CAF6E2B910E320054DAEA /* ChecklistPickerView.swift in Sources */,
				329A09292BB1F973000D73C7 /* ReportWhatsHappeningGraphView.swift in Sources */,
				329A09372BB229DD000D73C7 /* ReportExportPage5.swift in Sources */,
				32E4CF362B954A96006F4C8D /* ListOfOptionsDictionarySurveyInput.swift in Sources */,
				32E4CF382B9551E2006F4C8D /* TextSurveyInputView.swift in Sources */,
				32EB43D92BF29312006371A1 /* OnboardingDynamicView.swift in Sources */,
				323DD68B2B31FE8F00A242E3 /* ReportAggregateList.swift in Sources */,
				326074A32B2F7679009355E8 /* OpenEndedListTextField.swift in Sources */,
				32EB43D72BF28FAF006371A1 /* OnboardingView.swift in Sources */,
				32070D5E2BDF3BC800A87349 /* ReportIndicatorsOverTime.swift in Sources */,
				3266E1EC2BCC6CF000FEC246 /* SurveyQuestionView.swift in Sources */,
				32329D562B96A986005A59F8 /* ObservationRowView.swift in Sources */,
				3227D9282BFA810E00BCEFE7 /* ReportView+PDFPages.swift in Sources */,
				32ADD7252ABD620E009E947A /* ContentView.swift in Sources */,
				329A09232BB1F20F000D73C7 /* ReportExportStudentsWorkingWithTechnologyView.swift in Sources */,
				3280D6292AC46FCA00B67785 /* ReportWhatsHappeningView.swift in Sources */,
				32E4CF342B9545C5006F4C8D /* ObservationRecordPreviewView.swift in Sources */,
				3266E1E02BCC5C3200FEC246 /* SessionNotStartedView.swift in Sources */,
				3227D92B2BFA857000BCEFE7 /* ReportExportCommentView.swift in Sources */,
				327DE1242BAA036C001853C7 /* ChecklistOption.swift in Sources */,
				32556A802C0B14DF00DA2F9E /* ReportExportMatrixView.swift in Sources */,
				3266E1E32BCC601900FEC246 /* SessionNotStartedTimeSelectionView.swift in Sources */,
				3227D9192BFA705300BCEFE7 /* PhotoCellView.swift in Sources */,
				32329D5A2B96BC47005A59F8 /* SurveyNumericInputView.swift in Sources */,
				3227D91B2BFA73B700BCEFE7 /* ReportPhotosView.swift in Sources */,
				32556A822C0B1B0900DA2F9E /* ReportExportQuestionView.swift in Sources */,
				3288A47E2BCD003E00760BDE /* ImageCaptionInputView.swift in Sources */,
				32070D7A2BE94CF800A87349 /* ReportValueCardView.swift in Sources */,
				32ADD7232ABD620E009E947A /* ClassroomObservationApp.swift in Sources */,
				32070D7E2BE9D0DF00A87349 /* SessionsView.swift in Sources */,
				329A09212BB1F180000D73C7 /* ReportExportSessionInfoView.swift in Sources */,
				329A09352BB229C4000D73C7 /* ReportExportPage4.swift in Sources */,
				3280D62B2AC549FF00B67785 /* NewSessionView.swift in Sources */,
				32329D582B96AE43005A59F8 /* SessionRecordingView.swift in Sources */,
				3214204B2BD7AC7000CE0F06 /* ReportStudentEngagementView.swift in Sources */,
				329A092F2BB2295A000D73C7 /* ReportExportPage1.swift in Sources */,
				329CAF6C2B9104590054DAEA /* PotentialTechnology.swift in Sources */,
				329A09252BB1F78F000D73C7 /* ReportExportPage.swift in Sources */,
				32EB43DB2BF2A235006371A1 /* LocalFileImageLoader.swift in Sources */,
				3266E1EA2BCC6AF900FEC246 /* StandaloneScaleInputView.swift in Sources */,
				324FB2462ABE71B50088A9C6 /* OpenEndedList.swift in Sources */,
				3288A4772BCCF7A900760BDE /* Question+Codable.swift in Sources */,
				3288A47C2BCCF9A400760BDE /* SessionRecordingAddPhotoView.swift in Sources */,
				3288A4752BCCF34200760BDE /* ObservationRecord.swift in Sources */,
			);
			runOnlyForDeploymentPostprocessing = 0;
		};
/* End PBXSourcesBuildPhase section */

/* Begin XCBuildConfiguration section */
		32ADD72C2ABD620F009E947A /* Debug */ = {
			isa = XCBuildConfiguration;
			buildSettings = {
				ALWAYS_SEARCH_USER_PATHS = NO;
				ASSETCATALOG_COMPILER_GENERATE_SWIFT_ASSET_SYMBOL_EXTENSIONS = YES;
				CLANG_ANALYZER_NONNULL = YES;
				CLANG_ANALYZER_NUMBER_OBJECT_CONVERSION = YES_AGGRESSIVE;
				CLANG_CXX_LANGUAGE_STANDARD = "gnu++20";
				CLANG_ENABLE_MODULES = YES;
				CLANG_ENABLE_OBJC_ARC = YES;
				CLANG_ENABLE_OBJC_WEAK = YES;
				CLANG_WARN_BLOCK_CAPTURE_AUTORELEASING = YES;
				CLANG_WARN_BOOL_CONVERSION = YES;
				CLANG_WARN_COMMA = YES;
				CLANG_WARN_CONSTANT_CONVERSION = YES;
				CLANG_WARN_DEPRECATED_OBJC_IMPLEMENTATIONS = YES;
				CLANG_WARN_DIRECT_OBJC_ISA_USAGE = YES_ERROR;
				CLANG_WARN_DOCUMENTATION_COMMENTS = YES;
				CLANG_WARN_EMPTY_BODY = YES;
				CLANG_WARN_ENUM_CONVERSION = YES;
				CLANG_WARN_INFINITE_RECURSION = YES;
				CLANG_WARN_INT_CONVERSION = YES;
				CLANG_WARN_NON_LITERAL_NULL_CONVERSION = YES;
				CLANG_WARN_OBJC_IMPLICIT_RETAIN_SELF = YES;
				CLANG_WARN_OBJC_LITERAL_CONVERSION = YES;
				CLANG_WARN_OBJC_ROOT_CLASS = YES_ERROR;
				CLANG_WARN_QUOTED_INCLUDE_IN_FRAMEWORK_HEADER = YES;
				CLANG_WARN_RANGE_LOOP_ANALYSIS = YES;
				CLANG_WARN_STRICT_PROTOTYPES = YES;
				CLANG_WARN_SUSPICIOUS_MOVE = YES;
				CLANG_WARN_UNGUARDED_AVAILABILITY = YES_AGGRESSIVE;
				CLANG_WARN_UNREACHABLE_CODE = YES;
				CLANG_WARN__DUPLICATE_METHOD_MATCH = YES;
				COPY_PHASE_STRIP = NO;
				DEBUG_INFORMATION_FORMAT = dwarf;
				ENABLE_STRICT_OBJC_MSGSEND = YES;
				ENABLE_TESTABILITY = YES;
				ENABLE_USER_SCRIPT_SANDBOXING = YES;
				GCC_C_LANGUAGE_STANDARD = gnu17;
				GCC_DYNAMIC_NO_PIC = NO;
				GCC_NO_COMMON_BLOCKS = YES;
				GCC_OPTIMIZATION_LEVEL = 0;
				GCC_PREPROCESSOR_DEFINITIONS = (
					"DEBUG=1",
					"$(inherited)",
				);
				GCC_WARN_64_TO_32_BIT_CONVERSION = YES;
				GCC_WARN_ABOUT_RETURN_TYPE = YES_ERROR;
				GCC_WARN_UNDECLARED_SELECTOR = YES;
				GCC_WARN_UNINITIALIZED_AUTOS = YES_AGGRESSIVE;
				GCC_WARN_UNUSED_FUNCTION = YES;
				GCC_WARN_UNUSED_VARIABLE = YES;
				LOCALIZATION_PREFERS_STRING_CATALOGS = YES;
				MTL_ENABLE_DEBUG_INFO = INCLUDE_SOURCE;
				MTL_FAST_MATH = YES;
				ONLY_ACTIVE_ARCH = YES;
				SWIFT_ACTIVE_COMPILATION_CONDITIONS = "DEBUG $(inherited)";
				SWIFT_OPTIMIZATION_LEVEL = "-Onone";
			};
			name = Debug;
		};
		32ADD72D2ABD620F009E947A /* Release */ = {
			isa = XCBuildConfiguration;
			buildSettings = {
				ALWAYS_SEARCH_USER_PATHS = NO;
				ASSETCATALOG_COMPILER_GENERATE_SWIFT_ASSET_SYMBOL_EXTENSIONS = YES;
				CLANG_ANALYZER_NONNULL = YES;
				CLANG_ANALYZER_NUMBER_OBJECT_CONVERSION = YES_AGGRESSIVE;
				CLANG_CXX_LANGUAGE_STANDARD = "gnu++20";
				CLANG_ENABLE_MODULES = YES;
				CLANG_ENABLE_OBJC_ARC = YES;
				CLANG_ENABLE_OBJC_WEAK = YES;
				CLANG_WARN_BLOCK_CAPTURE_AUTORELEASING = YES;
				CLANG_WARN_BOOL_CONVERSION = YES;
				CLANG_WARN_COMMA = YES;
				CLANG_WARN_CONSTANT_CONVERSION = YES;
				CLANG_WARN_DEPRECATED_OBJC_IMPLEMENTATIONS = YES;
				CLANG_WARN_DIRECT_OBJC_ISA_USAGE = YES_ERROR;
				CLANG_WARN_DOCUMENTATION_COMMENTS = YES;
				CLANG_WARN_EMPTY_BODY = YES;
				CLANG_WARN_ENUM_CONVERSION = YES;
				CLANG_WARN_INFINITE_RECURSION = YES;
				CLANG_WARN_INT_CONVERSION = YES;
				CLANG_WARN_NON_LITERAL_NULL_CONVERSION = YES;
				CLANG_WARN_OBJC_IMPLICIT_RETAIN_SELF = YES;
				CLANG_WARN_OBJC_LITERAL_CONVERSION = YES;
				CLANG_WARN_OBJC_ROOT_CLASS = YES_ERROR;
				CLANG_WARN_QUOTED_INCLUDE_IN_FRAMEWORK_HEADER = YES;
				CLANG_WARN_RANGE_LOOP_ANALYSIS = YES;
				CLANG_WARN_STRICT_PROTOTYPES = YES;
				CLANG_WARN_SUSPICIOUS_MOVE = YES;
				CLANG_WARN_UNGUARDED_AVAILABILITY = YES_AGGRESSIVE;
				CLANG_WARN_UNREACHABLE_CODE = YES;
				CLANG_WARN__DUPLICATE_METHOD_MATCH = YES;
				COPY_PHASE_STRIP = NO;
				DEBUG_INFORMATION_FORMAT = "dwarf-with-dsym";
				ENABLE_NS_ASSERTIONS = NO;
				ENABLE_STRICT_OBJC_MSGSEND = YES;
				ENABLE_USER_SCRIPT_SANDBOXING = YES;
				GCC_C_LANGUAGE_STANDARD = gnu17;
				GCC_NO_COMMON_BLOCKS = YES;
				GCC_WARN_64_TO_32_BIT_CONVERSION = YES;
				GCC_WARN_ABOUT_RETURN_TYPE = YES_ERROR;
				GCC_WARN_UNDECLARED_SELECTOR = YES;
				GCC_WARN_UNINITIALIZED_AUTOS = YES_AGGRESSIVE;
				GCC_WARN_UNUSED_FUNCTION = YES;
				GCC_WARN_UNUSED_VARIABLE = YES;
				LOCALIZATION_PREFERS_STRING_CATALOGS = YES;
				MTL_ENABLE_DEBUG_INFO = NO;
				MTL_FAST_MATH = YES;
				SWIFT_COMPILATION_MODE = wholemodule;
			};
			name = Release;
		};
		32ADD72F2ABD620F009E947A /* Debug */ = {
			isa = XCBuildConfiguration;
			buildSettings = {
				ALWAYS_EMBED_SWIFT_STANDARD_LIBRARIES = YES;
				ASSETCATALOG_COMPILER_APPICON_NAME = AppIcon;
				ASSETCATALOG_COMPILER_GLOBAL_ACCENT_COLOR_NAME = AccentColor;
				CODE_SIGN_ENTITLEMENTS = ClassroomObservation/ClassroomObservation.entitlements;
				CODE_SIGN_STYLE = Automatic;
				CURRENT_PROJECT_VERSION = 22;
				DEVELOPMENT_ASSET_PATHS = "\"ClassroomObservation/Preview Content\"";
				DEVELOPMENT_TEAM = 9W63WN9LG4;
				ENABLE_HARDENED_RUNTIME = YES;
				ENABLE_PREVIEWS = YES;
				GENERATE_INFOPLIST_FILE = YES;
				INFOPLIST_KEY_CFBundleDisplayName = Pedagram;
				INFOPLIST_KEY_NSCameraUsageDescription = "Take photos during your classroom observations";
				"INFOPLIST_KEY_UIApplicationSceneManifest_Generation[sdk=iphoneos*]" = YES;
				"INFOPLIST_KEY_UIApplicationSceneManifest_Generation[sdk=iphonesimulator*]" = YES;
				"INFOPLIST_KEY_UIApplicationSupportsIndirectInputEvents[sdk=iphoneos*]" = YES;
				"INFOPLIST_KEY_UIApplicationSupportsIndirectInputEvents[sdk=iphonesimulator*]" = YES;
				"INFOPLIST_KEY_UILaunchScreen_Generation[sdk=iphoneos*]" = YES;
				"INFOPLIST_KEY_UILaunchScreen_Generation[sdk=iphonesimulator*]" = YES;
				"INFOPLIST_KEY_UIStatusBarStyle[sdk=iphoneos*]" = UIStatusBarStyleDefault;
				"INFOPLIST_KEY_UIStatusBarStyle[sdk=iphonesimulator*]" = UIStatusBarStyleDefault;
				INFOPLIST_KEY_UISupportedInterfaceOrientations_iPad = "UIInterfaceOrientationPortrait UIInterfaceOrientationPortraitUpsideDown UIInterfaceOrientationLandscapeLeft UIInterfaceOrientationLandscapeRight";
				INFOPLIST_KEY_UISupportedInterfaceOrientations_iPhone = "UIInterfaceOrientationPortrait UIInterfaceOrientationLandscapeLeft UIInterfaceOrientationLandscapeRight";
				IPHONEOS_DEPLOYMENT_TARGET = 17.0;
				LD_RUNPATH_SEARCH_PATHS = "@executable_path/Frameworks";
				"LD_RUNPATH_SEARCH_PATHS[sdk=macosx*]" = "@executable_path/../Frameworks";
				MACOSX_DEPLOYMENT_TARGET = 14.0;
				MARKETING_VERSION = 1.0;
				PRODUCT_BUNDLE_IDENTIFIER = app.jiachen.ClassroomObservation;
				PRODUCT_NAME = "$(TARGET_NAME)";
				SDKROOT = auto;
				SUPPORTED_PLATFORMS = "iphoneos iphonesimulator";
				SUPPORTS_MACCATALYST = NO;
				SWIFT_EMIT_LOC_STRINGS = YES;
				SWIFT_VERSION = 5.0;
				TARGETED_DEVICE_FAMILY = 2;
			};
			name = Debug;
		};
		32ADD7302ABD620F009E947A /* Release */ = {
			isa = XCBuildConfiguration;
			buildSettings = {
				ALWAYS_EMBED_SWIFT_STANDARD_LIBRARIES = YES;
				ASSETCATALOG_COMPILER_APPICON_NAME = AppIcon;
				ASSETCATALOG_COMPILER_GLOBAL_ACCENT_COLOR_NAME = AccentColor;
				CODE_SIGN_ENTITLEMENTS = ClassroomObservation/ClassroomObservation.entitlements;
				CODE_SIGN_STYLE = Automatic;
				CURRENT_PROJECT_VERSION = 22;
				DEVELOPMENT_ASSET_PATHS = "\"ClassroomObservation/Preview Content\"";
				DEVELOPMENT_TEAM = 9W63WN9LG4;
				ENABLE_HARDENED_RUNTIME = YES;
				ENABLE_PREVIEWS = YES;
				GENERATE_INFOPLIST_FILE = YES;
				INFOPLIST_KEY_CFBundleDisplayName = Pedagram;
				INFOPLIST_KEY_NSCameraUsageDescription = "Take photos during your classroom observations";
				"INFOPLIST_KEY_UIApplicationSceneManifest_Generation[sdk=iphoneos*]" = YES;
				"INFOPLIST_KEY_UIApplicationSceneManifest_Generation[sdk=iphonesimulator*]" = YES;
				"INFOPLIST_KEY_UIApplicationSupportsIndirectInputEvents[sdk=iphoneos*]" = YES;
				"INFOPLIST_KEY_UIApplicationSupportsIndirectInputEvents[sdk=iphonesimulator*]" = YES;
				"INFOPLIST_KEY_UILaunchScreen_Generation[sdk=iphoneos*]" = YES;
				"INFOPLIST_KEY_UILaunchScreen_Generation[sdk=iphonesimulator*]" = YES;
				"INFOPLIST_KEY_UIStatusBarStyle[sdk=iphoneos*]" = UIStatusBarStyleDefault;
				"INFOPLIST_KEY_UIStatusBarStyle[sdk=iphonesimulator*]" = UIStatusBarStyleDefault;
				INFOPLIST_KEY_UISupportedInterfaceOrientations_iPad = "UIInterfaceOrientationPortrait UIInterfaceOrientationPortraitUpsideDown UIInterfaceOrientationLandscapeLeft UIInterfaceOrientationLandscapeRight";
				INFOPLIST_KEY_UISupportedInterfaceOrientations_iPhone = "UIInterfaceOrientationPortrait UIInterfaceOrientationLandscapeLeft UIInterfaceOrientationLandscapeRight";
				IPHONEOS_DEPLOYMENT_TARGET = 17.0;
				LD_RUNPATH_SEARCH_PATHS = "@executable_path/Frameworks";
				"LD_RUNPATH_SEARCH_PATHS[sdk=macosx*]" = "@executable_path/../Frameworks";
				MACOSX_DEPLOYMENT_TARGET = 14.0;
				MARKETING_VERSION = 1.0;
				PRODUCT_BUNDLE_IDENTIFIER = app.jiachen.ClassroomObservation;
				PRODUCT_NAME = "$(TARGET_NAME)";
				SDKROOT = auto;
				SUPPORTED_PLATFORMS = "iphoneos iphonesimulator";
				SUPPORTS_MACCATALYST = NO;
				SWIFT_EMIT_LOC_STRINGS = YES;
				SWIFT_VERSION = 5.0;
				TARGETED_DEVICE_FAMILY = 2;
			};
			name = Release;
		};
/* End XCBuildConfiguration section */

/* Begin XCConfigurationList section */
		32ADD71A2ABD620E009E947A /* Build configuration list for PBXProject "ClassroomObservation" */ = {
			isa = XCConfigurationList;
			buildConfigurations = (
				32ADD72C2ABD620F009E947A /* Debug */,
				32ADD72D2ABD620F009E947A /* Release */,
			);
			defaultConfigurationIsVisible = 0;
			defaultConfigurationName = Release;
		};
		32ADD72E2ABD620F009E947A /* Build configuration list for PBXNativeTarget "ClassroomObservation" */ = {
			isa = XCConfigurationList;
			buildConfigurations = (
				32ADD72F2ABD620F009E947A /* Debug */,
				32ADD7302ABD620F009E947A /* Release */,
			);
			defaultConfigurationIsVisible = 0;
			defaultConfigurationName = Release;
		};
/* End XCConfigurationList section */

/* Begin XCRemoteSwiftPackageReference section */
		3227D91C2BFA769000BCEFE7 /* XCRemoteSwiftPackageReference "SwiftUIPDF" */ = {
			isa = XCRemoteSwiftPackageReference;
			repositoryURL = "https://github.com/jiachenyee/SwiftUIPDF";
			requirement = {
				kind = upToNextMajorVersion;
				minimumVersion = 1.0.0;
			};
		};
		329E508E2AE77E2900294617 /* XCRemoteSwiftPackageReference "forever" */ = {
			isa = XCRemoteSwiftPackageReference;
			repositoryURL = "http://github.com/jiachenyee/forever.git";
			requirement = {
				kind = upToNextMajorVersion;
				minimumVersion = 1.1.0;
			};
		};
/* End XCRemoteSwiftPackageReference section */

/* Begin XCSwiftPackageProductDependency section */
		3227D91F2BFA76F200BCEFE7 /* SwiftUIPDF */ = {
			isa = XCSwiftPackageProductDependency;
			package = 3227D91C2BFA769000BCEFE7 /* XCRemoteSwiftPackageReference "SwiftUIPDF" */;
			productName = SwiftUIPDF;
		};
		329E508F2AE77E2900294617 /* Forever */ = {
			isa = XCSwiftPackageProductDependency;
			package = 329E508E2AE77E2900294617 /* XCRemoteSwiftPackageReference "forever" */;
			productName = Forever;
		};
/* End XCSwiftPackageProductDependency section */
	};
	rootObject = 32ADD7172ABD620E009E947A /* Project object */;
}
